
Microsoft Visual Studio Solution File, Format Version 12.00
# Visual Studio Version 16
VisualStudioVersion = 16.0.29613.14
MinimumVisualStudioVersion = 10.0.40219.1
Project("{FAE04EC0-301F-11D3-BF4B-00C04F79EFBC}") = "InlineFormWithApi", "InlineFormWithApi\InlineFormWithApi.csproj", "{76C41812-AADC-4788-AAB3-B0B0AA18B952}"
EndProject
Project("{FAE04EC0-301F-11D3-BF4B-00C04F79EFBC}") = "InlineFormWithApi.Domain", "InlineFormWithApi.Domain\InlineFormWithApi.Domain.csproj", "{72142E1E-7D22-422A-9C72-73CAE3CBAA4C}"
EndProject
Project("{FAE04EC0-301F-11D3-BF4B-00C04F79EFBC}") = "InlineFormWithApi.Infrastructure", "InlineFormWithApi.Infrastructure\InlineFormWithApi.Infrastructure.csproj", "{BD63E103-8E61-42E7-ADC1-58DE35571B1A}"
EndProject
Global
	GlobalSection(SolutionConfigurationPlatforms) = preSolution
		Debug|Any CPU = Debug|Any CPU
		Release|Any CPU = Release|Any CPU
	EndGlobalSection
	GlobalSection(ProjectConfigurationPlatforms) = postSolution
		{76C41812-AADC-4788-AAB3-B0B0AA18B952}.Debug|Any CPU.ActiveCfg = Debug|Any CPU
		{76C41812-AADC-4788-AAB3-B0B0AA18B952}.Debug|Any CPU.Build.0 = Debug|Any CPU
		{76C41812-AADC-4788-AAB3-B0B0AA18B952}.Release|Any CPU.ActiveCfg = Release|Any CPU
		{76C41812-AADC-4788-AAB3-B0B0AA18B952}.Release|Any CPU.Build.0 = Release|Any CPU
		{72142E1E-7D22-422A-9C72-73CAE3CBAA4C}.Debug|Any CPU.ActiveCfg = Debug|Any CPU
		{72142E1E-7D22-422A-9C72-73CAE3CBAA4C}.Debug|Any CPU.Build.0 = Debug|Any CPU
		{72142E1E-7D22-422A-9C72-73CAE3CBAA4C}.Release|Any CPU.ActiveCfg = Release|Any CPU
		{72142E1E-7D22-422A-9C72-73CAE3CBAA4C}.Release|Any CPU.Build.0 = Release|Any CPU
		{BD63E103-8E61-42E7-ADC1-58DE35571B1A}.Debug|Any CPU.ActiveCfg = Debug|Any CPU
		{BD63E103-8E61-42E7-ADC1-58DE35571B1A}.Debug|Any CPU.Build.0 = Debug|Any CPU
		{BD63E103-8E61-42E7-ADC1-58DE35571B1A}.Release|Any CPU.ActiveCfg = Release|Any CPU
		{BD63E103-8E61-42E7-ADC1-58DE35571B1A}.Release|Any CPU.Build.0 = Release|Any CPU
	EndGlobalSection
	GlobalSection(SolutionProperties) = preSolution
		HideSolutionNode = FALSE
	EndGlobalSection
	GlobalSection(ExtensibilityGlobals) = postSolution
		SolutionGuid = {70C45475-051C-4919-84E9-10ACA9FE7DFE}
	EndGlobalSection
EndGlobal
